github.com/milligram/milligram v1.4.1 h1:gjkTCa7k/Tttfr4R/vF+d5wotcsZPb9vEKOH0fCnim0=
github.com/milligram/milligram v1.4.1/go.mod h1:UokZj6fq+9lPDaB2I8yH9OMnfsWjPnxPaH0VxtZMk1k=
github.com/pointyfar/hugo-notebook v0.0.0-20210520122803-377db970af33 h1:bBmHktjx5zvAhzSIs9OpBJlnfS1J/xmtqTCiP/wNxwc=
github.com/pointyfar/hugo-notebook v0.0.0-20210520122803-377db970af33/go.mod h1:QAEfhtEk+zgtpqUxVNbvM1ilWI9ilJcR2UC5rxYMHAY=
